{
 "graph_lock": {
  "nodes": {
   "0": {
    "options": "libsodium:PIE=False\nlibsodium:fPIC=True\nlibsodium:shared=False\nlibsodium:use_soname=True",
    "requires": [
     "1"
    ],
    "path": "conanfile.txt",
    "context": "host"
   },
   "1": {
    "ref": "libsodium/1.0.18",
    "options": "PIE=False\nfPIC=True\nshared=False\nuse_soname=True",
    "package_id": "090017fccd7b493020671020e5964801d6ba8054",
    "prev": "0",
    "context": "host"
   }
  },
  "revisions_enabled": false
 },
 "version": "0.4",
 "profile_host": "[settings]\narch=x86_64\narch_build=x86_64\nbuild_type=Release\ncompiler=gcc\ncompiler.libcxx=libstdc++\ncompiler.version=9\nos=Linux\nos_build=Linux\n[options]\n[build_requires]\n[env]\n"
}